Microsoft Visual Studio Solution File, Format Version 9.00
# Visual Studio 2005
Project("{8BC9CEB8-8B4A-11D0-8D11-00A0C91BC942}") = "pdel", "pdel\IDE\vs2005\pdel.vcproj", "{B506CA9B-C013-4D87-AB0E-292B16695898}"
EndProject
Project("{8BC9CEB8-8B4A-11D0-8D11-00A0C91BC942}") = "lws", "lws\IDE\vs2005\lws.vcproj", "{CC3B868A-A4C3-4574-83AE-88CAF9FCFBEA}"
	ProjectSection(ProjectDependencies) = postProject
		{B506CA9B-C013-4D87-AB0E-292B16695898} = {B506CA9B-C013-4D87-AB0E-292B16695898}
	EndProjectSection
EndProject
Global
	GlobalSection(SolutionConfigurationPlatforms) = preSolution
		Debug|Win32 = Debug|Win32
		Release|Win32 = Release|Win32
	EndGlobalSection
	GlobalSection(ProjectConfigurationPlatforms) = postSolution
		{B506CA9B-C013-4D87-AB0E-292B16695898}.Debug|Win32.ActiveCfg = Debug|Win32
		{B506CA9B-C013-4D87-AB0E-292B16695898}.Debug|Win32.Build.0 = Debug|Win32
		{B506CA9B-C013-4D87-AB0E-292B16695898}.Release|Win32.ActiveCfg = Release|Win32
		{B506CA9B-C013-4D87-AB0E-292B16695898}.Release|Win32.Build.0 = Release|Win32
		{CC3B868A-A4C3-4574-83AE-88CAF9FCFBEA}.Debug|Win32.ActiveCfg = Debug|Win32
		{CC3B868A-A4C3-4574-83AE-88CAF9FCFBEA}.Release|Win32.ActiveCfg = Release|Win32
	EndGlobalSection
	GlobalSection(SolutionProperties) = preSolution
		HideSolutionNode = FALSE
	EndGlobalSection
EndGlobal
